
Microsoft Visual Studio Solution File, Format Version 12.00
# Visual Studio Version 17
VisualStudioVersion = 17.10.34916.146
MinimumVisualStudioVersion = 10.0.40219.1
Project("{FAE04EC0-301F-11D3-BF4B-00C04F79EFBC}") = "Group1_Shubham_Anila_Assignment2", "Group1_Shubham_Anila_Assignment2.csproj", "{F7DE51E2-329E-4625-B435-AD35B14E278B}"
EndProject
Project("{FAE04EC0-301F-11D3-BF4B-00C04F79EFBC}") = "ProductTests", "..\ProductTests\ProductTests.csproj", "{109E30CF-6930-4361-8A7E-BC12BBD420CB}"
EndProject
Global
	GlobalSection(SolutionConfigurationPlatforms) = preSolution
		Debug|Any CPU = Debug|Any CPU
		Release|Any CPU = Release|Any CPU
	EndGlobalSection
	GlobalSection(ProjectConfigurationPlatforms) = postSolution
		{F7DE51E2-329E-4625-B435-AD35B14E278B}.Debug|Any CPU.ActiveCfg = Debug|Any CPU
		{F7DE51E2-329E-4625-B435-AD35B14E278B}.Debug|Any CPU.Build.0 = Debug|Any CPU
		{F7DE51E2-329E-4625-B435-AD35B14E278B}.Release|Any CPU.ActiveCfg = Release|Any CPU
		{F7DE51E2-329E-4625-B435-AD35B14E278B}.Release|Any CPU.Build.0 = Release|Any CPU
		{109E30CF-6930-4361-8A7E-BC12BBD420CB}.Debug|Any CPU.ActiveCfg = Debug|Any CPU
		{109E30CF-6930-4361-8A7E-BC12BBD420CB}.Debug|Any CPU.Build.0 = Debug|Any CPU
		{109E30CF-6930-4361-8A7E-BC12BBD420CB}.Release|Any CPU.ActiveCfg = Release|Any CPU
		{109E30CF-6930-4361-8A7E-BC12BBD420CB}.Release|Any CPU.Build.0 = Release|Any CPU
	EndGlobalSection
	GlobalSection(SolutionProperties) = preSolution
		HideSolutionNode = FALSE
	EndGlobalSection
	GlobalSection(ExtensibilityGlobals) = postSolution
		SolutionGuid = {3D3B489F-97F6-4CB9-8B0A-9FFABF0CA53B}
	EndGlobalSection
EndGlobal
